{
    "_meta": {
        "hash": {
            "sha256": "4292385ba6348ec5fb6184c2cfc0906effb8dadec6aead67f51f22f7e83b962b"
        },
        "pipfile-spec": 6,
        "requires": {
            "python_version": "3"
        },
        "sources": [
            {
                "name": "pypi",
                "url": "https://pypi.org/simple",
                "verify_ssl": true
            }
        ]
    },
    "default": {
        "markdown": {
            "hashes": [
                "sha256:180224db6aed87ba9ce1f2781ebcd5826253de8ff637112090e24b84502bbf9f",
                "sha256:cd6c89e7eb308c8b332ed673215a52d208a43f8bacc030b1419376129408719e"
            ],
            "index": "pypi",
            "markers": "python_version >= '3.11'",
            "version": "==3.11"
        },
        "pyyaml": {
            "hashes": [
                "sha256:00c4bdeba853cc34e7dd471f16b4114f4162dc03e6b7afcc2128711f0eca823c",
                "sha256:0150219816b6a1fa26fb4699fb7daa9caf09eb1999f3b70fb6e786805e80375a",
                "sha256:02893d100e99e03eda1c8fd5c441d8c60103fd175728e23e431db1b589cf5ab3",
                "sha256:02ea2dfa234451bbb8772601d7b8e426c2bfa197136796224e50e35a78777956",
                "sha256:0f29edc409a6392443abf94b9cf89ce99889a1dd5376d94316ae5145dfedd5d6",
                "sha256:10892704fc220243f5305762e276552a0395f7beb4dbf9b14ec8fd43b57f126c",
                "sha256:16249ee61e95f858e83976573de0f5b2893b3677ba71c9dd36b9cf8be9ac6d65",
                "sha256:1d37d57ad971609cf3c53ba6a7e365e40660e3be0e5175fa9f2365a379d6095a",
                "sha256:1ebe39cb5fc479422b83de611d14e2c0d3bb2a18bbcb01f229ab3cfbd8fee7a0",
                "sha256:214ed4befebe12df36bcc8bc2b64b396ca31be9304b8f59e25c11cf94a4c033b",
                "sha256:2283a07e2c21a2aa78d9c4442724ec1eb15f5e42a723b99cb3d822d48f5f7ad1",
                "sha256:22ba7cfcad58ef3ecddc7ed1db3409af68d023b7f940da23c6c2a1890976eda6",
                "sha256:27c0abcb4a5dac13684a37f76e701e054692a9b2d3064b70f5e4eb54810553d7",
                "sha256:28c8d926f98f432f88adc23edf2e6d4921ac26fb084b028c733d01868d19007e",
                "sha256:2e71d11abed7344e42a8849600193d15b6def118602c4c176f748e4583246007",
                "sha256:34d5fcd24b8445fadc33f9cf348c1047101756fd760b4dacb5c3e99755703310",
                "sha256:37503bfbfc9d2c40b344d06b2199cf0e96e97957ab1c1b546fd4f87e53e5d3e4",
                "sha256:3c5677e12444c15717b902a5798264fa7909e41153cdf9ef7ad571b704a63dd9",
                "sha256:3ff07ec89bae51176c0549bc4c63aa6202991da2d9a6129d7aef7f1407d3f295",
                "sha256:41715c910c881bc081f1e8872880d3c650acf13dfa8214bad49ed4cede7c34ea",
                "sha256:418cf3f2111bc80e0933b2cd8cd04f286338bb88bdc7bc8e6dd775ebde60b5e0",
                "sha256:44edc647873928551a01e7a563d7452ccdebee747728c1080d881d68af7b997e",
                "sha256:4a2e8cebe2ff6ab7d1050ecd59c25d4c8bd7e6f400f5f82b96557ac0abafd0ac",
                "sha256:4ad1906908f2f5ae4e5a8ddfce73c320c2a1429ec52eafd27138b7f1cbe341c9",
                "sha256:501a031947e3a9025ed4405a168e6ef5ae3126c59f90ce0cd6f2bfc477be31b7",
                "sha256:5190d403f121660ce8d1d2c1bb2ef1bd05b5f68533fc5c2ea899bd15f4399b35",
                "sha256:5498cd1645aa724a7c71c8f378eb29ebe23da2fc0d7a08071d89469bf1d2defb",
                "sha256:5cf4e27da7e3fbed4d6c3d8e797387aaad68102272f8f9752883bc32d61cb87b",
                "sha256:5e0b74767e5f8c593e8c9b5912019159ed0533c70051e9cce3e8b6aa699fcd69",
                "sha256:5ed875a24292240029e4483f9d4a4b8a1ae08843b9c54f43fcc11e404532a8a5",
                "sha256:5fcd34e47f6e0b794d17de1b4ff496c00986e1c83f7ab2fb8fcfe9616ff7477b",
                "sha256:5fdec68f91a0c6739b380c83b951e2c72ac0197ace422360e6d5a959d8d97b2c",
                "sha256:6344df0d5755a2c9a276d4473ae6b90647e216ab4757f8426893b5dd2ac3f369",
                "sha256:64386e5e707d03a7e172c0701abfb7e10f0fb753ee1d773128192742712a98fd",
                "sha256:652cb6edd41e718550aad172851962662ff2681490a8a711af6a4d288dd96824",
                "sha256:66291b10affd76d76f54fad28e22e51719ef9ba22b29e1d7d03d6777a9174198",
                "sha256:66e1674c3ef6f541c35191caae2d429b967b99e02040f5ba928632d9a7f0f065",
                "sha256:6adc77889b628398debc7b65c073bcb99c4a0237b248cacaf3fe8a557563ef6c",
                "sha256:79005a0d97d5ddabfeeea4cf676af11e647e41d81c9a7722a193022accdb6b7c",
                "sha256:7c6610def4f163542a622a73fb39f534f8c101d690126992300bf3207eab9764",
                "sha256:7f047e29dcae44602496db43be01ad42fc6f1cc0d8cd6c83d342306c32270196",
                "sha256:8098f252adfa6c80ab48096053f512f2321f0b998f98150cea9bd23d83e1467b",
                "sha256:850774a7879607d3a6f50d36d04f00ee69e7fc816450e5f7e58d7f17f1ae5c00",
                "sha256:8d1fab6bb153a416f9aeb4b8763bc0f22a5586065f86f7664fc23339fc1c1fac",
                "sha256:8da9669d359f02c0b91ccc01cac4a67f16afec0dac22c2ad09f46bee0697eba8",
                "sha256:8dc52c23056b9ddd46818a57b78404882310fb473d63f17b07d5c40421e47f8e",
                "sha256:9149cad251584d5fb4981be1ecde53a1ca46c891a79788c0df828d2f166bda28",
                "sha256:93dda82c9c22deb0a405ea4dc5f2d0cda384168e466364dec6255b293923b2f3",
                "sha256:96b533f0e99f6579b3d4d4995707cf36df9100d67e0c8303a0c55b27b5f99bc5",
                "sha256:9c57bb8c96f6d1808c030b1687b9b5fb476abaa47f0db9c0101f5e9f394e97f4",
                "sha256:9c7708761fccb9397fe64bbc0395abcae8c4bf7b0eac081e12b809bf47700d0b",
                "sha256:9f3bfb4965eb874431221a3ff3fdcddc7e74e3b07799e0e84ca4a0f867d449bf",
                "sha256:a33284e20b78bd4a18c8c2282d549d10bc8408a2a7ff57653c0cf0b9be0afce5",
                "sha256:a80cb027f6b349846a3bf6d73b5e95e782175e52f22108cfa17876aaeff93702",
                "sha256:b30236e45cf30d2b8e7b3e85881719e98507abed1011bf463a8fa23e9c3e98a8",
                "sha256:b3bc83488de33889877a0f2543ade9f70c67d66d9ebb4ac959502e12de895788",
                "sha256:b865addae83924361678b652338317d1bd7e79b1f4596f96b96c77a5a34b34da",
                "sha256:b8bb0864c5a28024fac8a632c443c87c5aa6f215c0b126c449ae1a150412f31d",
                "sha256:ba1cc08a7ccde2d2ec775841541641e4548226580ab850948cbfda66a1befcdc",
                "sha256:bdb2c67c6c1390b63c6ff89f210c8fd09d9a1217a465701eac7316313c915e4c",
                "sha256:c1ff362665ae507275af2853520967820d9124984e0f7466736aea23d8611fba",
                "sha256:c2514fceb77bc5e7a2f7adfaa1feb2fb311607c9cb518dbc378688ec73d8292f",
                "sha256:c3355370a2c156cffb25e876646f149d5d68f5e0a3ce86a5084dd0b64a994917",
                "sha256:c458b6d084f9b935061bc36216e8a69a7e293a2f1e68bf956dcd9e6cbcd143f5",
                "sha256:d0eae10f8159e8fdad514efdc92d74fd8d682c933a6dd088030f3834bc8e6b26",
                "sha256:d76623373421df22fb4cf8817020cbb7ef15c725b9d5e45f17e189bfc384190f",
                "sha256:ebc55a14a21cb14062aa4162f906cd962b28e2e9ea38f9b4391244cd8de4ae0b",
                "sha256:eda16858a3cab07b80edaf74336ece1f986ba330fdb8ee0d6c0d68fe82bc96be",
                "sha256:ee2922902c45ae8ccada2c5b501ab86c36525b883eff4255313a253a3160861c",
                "sha256:efd7b85f94a6f21e4932043973a7ba2613b059c4a000551892ac9f1d11f5baf3",
                "sha256:f7057c9a337546edc7973c0d3ba84ddcdf0daa14533c2065749c9075001090e6",
                "sha256:fa160448684b4e94d80416c0fa4aac48967a969efe22931448d853ada8baf926",
                "sha256:fc09d0aa354569bc501d4e787133afc08552722d3ab34836a80547331bb5d4a0"
            ],
            "index": "pypi",
            "markers": "python_version >= '3.8'",
            "version": "==6.0.3"
        }
    },
    "develop": {
        "coverage": {
            "extras": [
                "toml"
            ],
            "hashes": [
                "sha256:070acb9da788dff743a4d36fc015feee12d68f0349959017542017c79f59c21c",
                "sha256:0c309096926b119543dc16438a11ef4c80783d2f4e59ff94f7f462651a944cdc",
                "sha256:0d0ececb32090e3fbb03e0d352b973a0485879b4de6c58daf47227b9988b99e5",
                "sha256:166adae25b05b04c9a84135912066d9c97482115af38df1a419a38aacc6b6f5d",
                "sha256:19a3ea2f364012ef06678118fffdc92442a16bef4a5c8ad4f4019dd8f9ac8876",
                "sha256:1b24f79e25bcf6c73931aeca7a3dfc7595c0cb5e9364aba3fdf387a3de4b1c22",
                "sha256:1ec9a4ee989c0d06ad95add0dbfdbb72b00ef53f43431ca0b612384e7878e5de",
                "sha256:2270a794600b635ca9452ce4c32e2fe81a35f9caa17ffac0eba99f14f275bd4d",
                "sha256:2959978f9d1d20a2c0c15d0a68baaeccf615ac1aa214cf4a05a10d6f568926c8",
                "sha256:29c4d3e32a3b5efa420a3dc627c7e570deb80ef997def52c7686a474f5edc7ab",
                "sha256:2b26b55b18e1a53e1a159dd743728c4ddbbef28ba19000a91aaff5ce023197ec",
                "sha256:2b8256f8b525ba233d2e4cdcdce0d6673c66fc9bf70df1fd5e67c54a74e2d245",
                "sha256:2c05913d0d5badf7ac83200f35dcf9514cce5df16a7cc89e7d1d7fff0461813b",
                "sha256:3284754371dc78592aa3ae4d661d30ee20e02b2b6b0de3590a181a936d0d3b38",
                "sha256:33300f2e140ccf26af3d8152e62bff71993f9310cfc63ba7a20940b0d246a0ae",
                "sha256:3397b9032553d281ad6a9253b12675b65e0cc8cd7a3b0633cf48872c9eb13360",
                "sha256:34bafe9f4094315248573e6223e11af0ec1b25f9cbca43bf0e9a26a189ba2751",
                "sha256:35cbc81f937fc402971df45c897d2df2bfb2014efcd990360032aa0a651635da",
                "sha256:38a7e16f061504ac2b45370bf5bf97e8250d8d3f25e37385bae884978166554b",
                "sha256:3acd1d78397dead78dd1b011b5fc19cc823c190349acd549e63856dff649c80e",
                "sha256:3d0a3681c12d3e0bcdea3d9414b04087828d6c1a482802d6f7f42c37ed530152",
                "sha256:3d73bb1f85c4150ac208fb0755beb04b2e44897bad81414de9380f98dd74729f",
                "sha256:3d8bd4e58b6a5c2018d808f297905393c6c61da466a48c3f0596a76a4900ebe4",
                "sha256:3db3978211c3cead5437a80136ca0556bab8bc7828de15a762884b0598c41361",
                "sha256:3df82f0a3cef4e1bcfc799436056f0b978dda319d0bfd4460c6e479b2802d98a",
                "sha256:3f3b4469d3da3ecced775d1a8c9c5d9fc80f259e30b7b89f9fed0700d6035ecb",
                "sha256:3f73ee3956fde2d461c9e2955dd48166e4821fc8587d135e8780fb84da2a098b",
                "sha256:4027bf6d7bc0a16df058ce913b69f10c5687f8e1ca668f08caa659ce101744bf",
                "sha256:4184e78a4465dcda359fb403172b8951dd220929cb0984c02fabca1742fff06f",
                "sha256:46a88f51770df7c9bc376bd57d3f86cdc7624b8e16ac4b585a655c22b7a1b4db",
                "sha256:46cd3a73e9140410de62cceb66214bce0e08fb3922b9176fbfc1522fec151b41",
                "sha256:48a78a66fcce49d7f6156524bf979c0ac633d584199717c68c6ffa949fc14e6a",
                "sha256:49c39c7068a494f8eb427155f5682f44feee43f9b3107fd54b1e52465379c54b",
                "sha256:4b0359eb4c62f9993e176bc8f50450fc736a6b90dbcc05bb8584e948812699ae",
                "sha256:4f12a9e27ca7b65e40a8475d27899b2d45064d9020e6a89148939e01987b5853",
                "sha256:4f48b345f831eaf4402ab6333c2dc3e2e2b5bc7b9c1b8fe12680dee3f0538f01",
                "sha256:528a61be40977c340cf201d23b69bd6a6bab507da60e9dbda85f8b30e935d70d",
                "sha256:531d9be377fdcc05593b974656872eb82e808ebeb42a72515e3aaeb8bb7166f5",
                "sha256:550a2a1faf7559f13d5344f12d1eb886ad87955155d7dfab2a3fe5c8ec8fe776",
                "sha256:5539304fdbb2cc144df684d35a33b81145334d23e1c2367b5a923d25107f70b2",
                "sha256:5597180ed7670cc94c04c65347418a467d3a43d5f0cf52fcac647f5425f42037",
                "sha256:55eb268e5b81aefac759766c9162625b06c1bedb7b77d936225bafc4f038a6f6",
                "sha256:64a2a5985d81810ed605ff0dc4ccd6555efcb5700353825532a9a0aea65826e1",
                "sha256:65a8fc80898c9ce59f04349fe8b4849b1f9787f14e52ead990e5f849ff4727a0",
                "sha256:6618f481053b63fc6121faf8fc676bd9b7163c2a19d9e984a2e850002c28ab57",
                "sha256:66d70132b69b861805dc1ca46cdd733e54c416890e8f1371d2fd103f70b59c9c",
                "sha256:681a9488c5a234397c4f013da065aa9e53eb7af4c78f1f80c6f15e7208acb855",
                "sha256:684c7ee9b4c04358fe6ac8b517ab51ec35fcd79d08ff0f105dd8bcd96885bbb7",
                "sha256:6b3fd0f3435ebb7a7183b32a6062a8b755f08242ced1f3f22761d30b56b3c2a5",
                "sha256:6dd8dda3402a01a1a8fe8b753a282466f615128574a5590a9108acd07b1f8540",
                "sha256:6fc735d6fe6d57f803e7ba021be4dde48e43e6aff94e6954350555d5332b0594",
                "sha256:715dcb72c3280c428c3a20134b87e42c29acec9669136e899ab2de69ca86218d",
                "sha256:72e013665e25cf9d44779f01f340af26319756f9a76822b7c94ce6b1d93813da",
                "sha256:73a32694603a34ad01d7e51a481a4023410d8099e1d0757e067945695c10f0ae",
                "sha256:7562f8067ed9360e8b9739e5703403a7686dd1b36bf0f89fc538047c54cdea90",
                "sha256:756ba2d96d073c5a2a55d67fa22784763710fadbe22c41adde2d9cfa4dd78a8c",
                "sha256:7580432cbe1e8b762660ae5806f04f869e1c02e519836a43f8094437e561e9f0",
                "sha256:76491917771f179f9772efe218c5ccc65950dbdb35f4439298d8a8dfc6ec1f72",
                "sha256:77890395cf37026a5907d3ad32376aa51f41c0f163b7477fdbd4f94966cc1d08",
                "sha256:79afa9726438912e5cddd1fe541815cea9763c92935f594835e4c432565b68a9",
                "sha256:7af03247d598a353bbbbe1b925deb735276e4d845e7197c4073dc89352b236fa",
                "sha256:7e5727b2508f817f3126d6c33327dda32fe69d15514badfcd61db8bc4209ecef",
                "sha256:802d1246c540e07486d4ee1adfa19a797e4b33529ffc371dc140644e8f27da0a",
                "sha256:83362b64e215ef00b0ba33fcf13655ace6c9fdd144d5ad2ab59ac86c2daf166e",
                "sha256:8643baeb590726c558b2faed6cd59b0917480f9367fcc692026f1a86d824fd08",
                "sha256:8bb09a2d19b04db1fa0e087a7ca4f12458f7e0e7364cfcd838441d86fb1c61f6",
                "sha256:8ee71a38c54bb2676bbe762b8b0943a79ccb1c2fd6a52054f66e63eda392f8c1",
                "sha256:8f590d46c30d9e4c1fda3efefe5443f4c2f6a4192c5ca2ba403653e9ebadf097",
                "sha256:8fae08e85b334ac6ac886002b5041396a31bcf805225bbe19847627203da99e2",
                "sha256:946f58aa59b08bcd6afcc6a7bd0ff54ed5eee844f32ad69fe6814836d15856a2",
                "sha256:961fc424e9d5229a99f8f1189942d8e7f4e1519147c3af64842f944aca03914d",
                "sha256:996c2b891b441ec2b39725ee3e8386e2f11b4894b92be225fdfd54a3eeada2c8",
                "sha256:99bf9ea435cefcefd220f8687c3ddbbf78dc2de0bd11b57c3ae9fbbdf8d5561a",
                "sha256:9d8c54ec32e5c102b9241f75d88ae26538b53662868ca491736611db448d9c7a",
                "sha256:a125fac1f6b1e88488d208a86b578e1790e3c4937f2e1568d23356141d236220",
                "sha256:a337dc2d54c74430cd2febb8ee04f7c508ba8b3b412bf0463f077a66cfc73743",
                "sha256:a4eff405b545dfcf79cf0d9d3ff750e5c5a887aa066114175193a81d249c5ee6",
                "sha256:a6410b75fe07d5271eaa95fc24bd0a9177ed588d9d1c10c0cf67829adb8f0567",
                "sha256:a9647a0ac46255b8fef59a433a2161f03e5483f3a35e1cbd9dfe4600baff0c6b",
                "sha256:b0944dc3bee3091039bf970d73caaf930c906013128a421bdc132e797494d941",
                "sha256:b10095528b866d322d33d6bf1709b7f8cbf959f12e8cb2ba22fc59c8717866b0",
                "sha256:b44308854ef210b9b78df9cdfd4e159513382a859f5ef8464306d14a54c2a040",
                "sha256:b7d4d7e6dcaf33e85f1919f03346403bdcc27437c420a78835f3805bca0ab71f",
                "sha256:b7f2c26ce6ce0b1e0ca0d5fae96ea510e3a2e78b7207f06e76b7f2c87fa3d0af",
                "sha256:b89d22a89d5bc05dd95b64e08295b8394aa96dc88e08f8ba210c9ebfebbe0489",
                "sha256:bb462d59146656e278d1e8ed913ce374d0ba68a4e081acde1867f6d3377fc881",
                "sha256:bc5354a124799f1f87b7637bbe6f18cd4bc66a1f37f6aa2b5db40f9adad531dc",
                "sha256:bc53c3f3adaa939b7a063533ffe0ae1259e7073393c618043a99a6970a87e3df",
                "sha256:c08ae35c1be2fe1ce4b4c628df5c6fc0dc9a87f8e5fe8e20238d249678984741",
                "sha256:c389c6f9d1d518e1249ddcb8a7f158135644ce2c508fa6cc17b680777dad5bf2",
                "sha256:c510dad19552d912058e4c3e3cbec3fb155dbe8d0ce0ceb7e7dbf5c5822bae0b",
                "sha256:cb05c0ff98b56ba6969adf35556bc43bcb8d094df8bc9cb403acff53460c4e07",
                "sha256:cc0b37fe6f5ce5f1ccc62ad4fa9b1ad201d8e9b6027fd5e0170877beee4b2d15",
                "sha256:cdc57746c7ac0ea063351b4d651c3bb4dd4fd35e64dbb8e90c10e14eb03c4080",
                "sha256:cf047bc39fde5425be2628666d0f435ed8817859111c3aacc84b32d858069f5d",
                "sha256:d06dcc420b570bf683cdb647cc8fe62b672d9e429ef711c3cbbb7a6880ca1572",
                "sha256:d0f02c633630e2b74522108ee95a84ad6e1204a8016a6cca5297f335ea27147e",
                "sha256:d1039cb2de093225d597109342ce1675626bd127565e80b3044f4eca07c15b2e",
                "sha256:d1ba5142d68dd2cb775cbd0ac8601819298152047803c8efe4eec6d7d7aa7878",
                "sha256:d4ec944947de098ad5a1738413f9364689a57067ecbc328e9de37218aa1e5cc1",
                "sha256:d57cc400275b9a2892e905fc893f732b21ddb95271bf96406c88e2f6367848b5",
                "sha256:d7db888dd0a1df1a653cae7f99d4047430d2187a3626eda51bc847b0fd6b9b43",
                "sha256:da506e669a8a851b59e122b4b219ea70996a6296f44f3a9348a852526ff961de",
                "sha256:dac8b84c03e6029d272b8249c77018db83de59ca009a9adef7c144b4a62ee5e6",
                "sha256:db651a9cf325a542bc2b7b8cc8f1b2bdc6492739bae3103731b2f1c85b96cff6",
                "sha256:dccc142614d3419ed71857deb43f1d757829a4c7fce9994464b71e7e38309827",
                "sha256:e306e98186b9cd109121f3583aeb7978797ad21d948f22944c5c08845cd554d0",
                "sha256:e366587b370bc9b8b51b7b7272c610c56db5d5b4795b9e4a29d28ff2f440f809",
                "sha256:e5eb1762e7eb5fad34ef913e8107c7788a66f19d328e598ce95bf7217f9e5c8f",
                "sha256:e82e10b9d290f60b63459cfb245a841aec347603997206296b93881463a93dcf",
                "sha256:ed5ade1bb18f62edace1bd198c66f9d4c75a8385d5fd24e87d917ea1a5958773",
                "sha256:ee1d5fc9e3bd6a217906929cc97880239a91d20dae7746f538eb0eefee705ab1",
                "sha256:ee5465db6e9152a7d09f3215309326878c6aa3ac509195a369f9d264ff4bfbd9",
                "sha256:f0ba3892d81aacf36996c52f16bca04e39af31a6c5de930b7688ab617f4a6475",
                "sha256:f2066c447fdd0bca39a9633a082d8ce67bf9a539a203b85059a364a405dc9fe9",
                "sha256:f4aa0b0a6f81fa3deb211e643f6954e78b4376b62b9c218271236cfa757664e8",
                "sha256:f83981779bcf9dfa06fa0a8d4cb43e0faec1706328ce07aa3e7b665b4ac0f210",
                "sha256:fa02d561eb1d8d2f8ba43ba6e3cef4c6c402a3b632a9460fa329fcadcd5df6a3",
                "sha256:fbbe8265736659a6be2e6042b6a35be13545d14b243cc1d7ecf65f90d788a370",
                "sha256:fd8ac10cd2458b3c6343aac082fb9bd0e3fa806cb2c4975f2280153474b88412",
                "sha256:fdb2f528b50953e29d22033b3256c396a700193c6e45b2490222ef9c333cbbf9"
            ],
            "markers": "python_version >= '3.10'",
            "version": "==7.16.1"
        },
        "iniconfig": {
            "hashes": [
                "sha256:c76315c77db068650d49c5b56314774a7804df16fee4402c1f19d6d15d8c4730",
                "sha256:f631c04d2c48c52b84d0d0549c99ff3859c98df65b3101406327ecc7d53fbf12"
            ],
            "markers": "python_version >= '3.10'",
            "version": "==2.3.0"
        },
        "packaging": {
            "hashes": [
                "sha256:94edc256424af38762eb31306eed28beb9f0efc50a8837492c9d6fd6004aed79",
                "sha256:d7193f7c8e4e93f444fde0262bf90af30e16fa0ad0ad44cb553c87339b23cd1c"
            ],
            "markers": "python_version >= '3.9'",
            "version": "==26.3"
        },
        "pluggy": {
            "hashes": [
                "sha256:7dcc130b76258d33b90f61b658791dede3486c3e6bfb003ee5c9bfb396dd22f3",
                "sha256:e920276dd6813095e9377c0bc5566d94c932c33b27a3e3945d8389c374dd4746"
            ],
            "markers": "python_version >= '3.9'",
            "version": "==1.6.0"
        },
        "pygments": {
            "hashes": [
                "sha256:2363c69b61c4a97c838da3b130dcd6468f4848992b21a82f2a63ec34377137d9",
                "sha256:610ca751c9bc2492b38eb9a38a7fbc93edbbb2d7182edaf34e66ae493dee5c8c"
            ],
            "markers": "python_version >= '3.9'",
            "version": "==2.21.0"
        },
        "pyhamcrest": {
            "hashes": [
                "sha256:c6acbec0923d0cb7e72c22af1926f3e7c97b8e8d69fc7498eabacaf7c975bd9c",
                "sha256:f6913d2f392e30e0375b3ecbd7aee79e5d1faa25d345c8f4ff597665dcac2587"
            ],
            "index": "pypi",
            "markers": "python_version >= '3.6'",
            "version": "==2.1.0"
        },
        "pytest": {
            "hashes": [
                "sha256:1088fbde8f2b49d95a549a195707afa7a76a3ce9bcadc26b6d71f0ffda5fe313",
                "sha256:37a86b45efb9a47a61a36449063e8e18d0cab3161329fc099eb21783169c4f0c"
            ],
            "index": "pypi",
            "markers": "python_version >= '3.10'",
            "version": "==9.1.1"
        },
        "pytest-cov": {
            "hashes": [
                "sha256:30674f2b5f6351aa09702a9c8c364f6a01c27aae0c1366ae8016160d1efc56b2",
                "sha256:a0461110b7865f9a271aa1b51e516c9a95de9d696734a2f71e3e78f46e1d4678"
            ],
            "index": "pypi",
            "markers": "python_version >= '3.9'",
            "version": "==7.1.0"
        }
    }
}
