{
    "_meta": {
        "hash": {
            "sha256": "a87049797829ca1e99062c6e8c48ffbb773e52b84591e0c799cce6615e558aa5"
        },
        "pipfile-spec": 6,
        "requires": {
            "python_version": "3"
        },
        "sources": [
            {
                "name": "pypi",
                "url": "https://pypi.org/simple",
                "verify_ssl": true
            }
        ]
    },
    "default": {
        "markdown": {
            "hashes": [
                "sha256:37062d4f2aa4b2b6b32aefb80faa300f82cc790cb949a35b8caede34f2b68c0e",
                "sha256:b5b99d6951e2e4948d939255596523444c0e677c669700b1d17aa4a8a464cb7c"
            ],
            "index": "pypi",
            "markers": "python_version >= '3.10'",
            "version": "==3.10"
        },
        "pyyaml": {
            "hashes": [
                "sha256:00c4bdeba853cc34e7dd471f16b4114f4162dc03e6b7afcc2128711f0eca823c",
                "sha256:0150219816b6a1fa26fb4699fb7daa9caf09eb1999f3b70fb6e786805e80375a",
                "sha256:02893d100e99e03eda1c8fd5c441d8c60103fd175728e23e431db1b589cf5ab3",
                "sha256:02ea2dfa234451bbb8772601d7b8e426c2bfa197136796224e50e35a78777956",
                "sha256:0f29edc409a6392443abf94b9cf89ce99889a1dd5376d94316ae5145dfedd5d6",
                "sha256:10892704fc220243f5305762e276552a0395f7beb4dbf9b14ec8fd43b57f126c",
                "sha256:16249ee61e95f858e83976573de0f5b2893b3677ba71c9dd36b9cf8be9ac6d65",
                "sha256:1d37d57ad971609cf3c53ba6a7e365e40660e3be0e5175fa9f2365a379d6095a",
                "sha256:1ebe39cb5fc479422b83de611d14e2c0d3bb2a18bbcb01f229ab3cfbd8fee7a0",
                "sha256:214ed4befebe12df36bcc8bc2b64b396ca31be9304b8f59e25c11cf94a4c033b",
                "sha256:2283a07e2c21a2aa78d9c4442724ec1eb15f5e42a723b99cb3d822d48f5f7ad1",
                "sha256:22ba7cfcad58ef3ecddc7ed1db3409af68d023b7f940da23c6c2a1890976eda6",
                "sha256:27c0abcb4a5dac13684a37f76e701e054692a9b2d3064b70f5e4eb54810553d7",
                "sha256:28c8d926f98f432f88adc23edf2e6d4921ac26fb084b028c733d01868d19007e",
                "sha256:2e71d11abed7344e42a8849600193d15b6def118602c4c176f748e4583246007",
                "sha256:34d5fcd24b8445fadc33f9cf348c1047101756fd760b4dacb5c3e99755703310",
                "sha256:37503bfbfc9d2c40b344d06b2199cf0e96e97957ab1c1b546fd4f87e53e5d3e4",
                "sha256:3c5677e12444c15717b902a5798264fa7909e41153cdf9ef7ad571b704a63dd9",
                "sha256:3ff07ec89bae51176c0549bc4c63aa6202991da2d9a6129d7aef7f1407d3f295",
                "sha256:41715c910c881bc081f1e8872880d3c650acf13dfa8214bad49ed4cede7c34ea",
                "sha256:418cf3f2111bc80e0933b2cd8cd04f286338bb88bdc7bc8e6dd775ebde60b5e0",
                "sha256:44edc647873928551a01e7a563d7452ccdebee747728c1080d881d68af7b997e",
                "sha256:4a2e8cebe2ff6ab7d1050ecd59c25d4c8bd7e6f400f5f82b96557ac0abafd0ac",
                "sha256:4ad1906908f2f5ae4e5a8ddfce73c320c2a1429ec52eafd27138b7f1cbe341c9",
                "sha256:501a031947e3a9025ed4405a168e6ef5ae3126c59f90ce0cd6f2bfc477be31b7",
                "sha256:5190d403f121660ce8d1d2c1bb2ef1bd05b5f68533fc5c2ea899bd15f4399b35",
                "sha256:5498cd1645aa724a7c71c8f378eb29ebe23da2fc0d7a08071d89469bf1d2defb",
                "sha256:5cf4e27da7e3fbed4d6c3d8e797387aaad68102272f8f9752883bc32d61cb87b",
                "sha256:5e0b74767e5f8c593e8c9b5912019159ed0533c70051e9cce3e8b6aa699fcd69",
                "sha256:5ed875a24292240029e4483f9d4a4b8a1ae08843b9c54f43fcc11e404532a8a5",
                "sha256:5fcd34e47f6e0b794d17de1b4ff496c00986e1c83f7ab2fb8fcfe9616ff7477b",
                "sha256:5fdec68f91a0c6739b380c83b951e2c72ac0197ace422360e6d5a959d8d97b2c",
                "sha256:6344df0d5755a2c9a276d4473ae6b90647e216ab4757f8426893b5dd2ac3f369",
                "sha256:64386e5e707d03a7e172c0701abfb7e10f0fb753ee1d773128192742712a98fd",
                "sha256:652cb6edd41e718550aad172851962662ff2681490a8a711af6a4d288dd96824",
                "sha256:66291b10affd76d76f54fad28e22e51719ef9ba22b29e1d7d03d6777a9174198",
                "sha256:66e1674c3ef6f541c35191caae2d429b967b99e02040f5ba928632d9a7f0f065",
                "sha256:6adc77889b628398debc7b65c073bcb99c4a0237b248cacaf3fe8a557563ef6c",
                "sha256:79005a0d97d5ddabfeeea4cf676af11e647e41d81c9a7722a193022accdb6b7c",
                "sha256:7c6610def4f163542a622a73fb39f534f8c101d690126992300bf3207eab9764",
                "sha256:7f047e29dcae44602496db43be01ad42fc6f1cc0d8cd6c83d342306c32270196",
                "sha256:8098f252adfa6c80ab48096053f512f2321f0b998f98150cea9bd23d83e1467b",
                "sha256:850774a7879607d3a6f50d36d04f00ee69e7fc816450e5f7e58d7f17f1ae5c00",
                "sha256:8d1fab6bb153a416f9aeb4b8763bc0f22a5586065f86f7664fc23339fc1c1fac",
                "sha256:8da9669d359f02c0b91ccc01cac4a67f16afec0dac22c2ad09f46bee0697eba8",
                "sha256:8dc52c23056b9ddd46818a57b78404882310fb473d63f17b07d5c40421e47f8e",
                "sha256:9149cad251584d5fb4981be1ecde53a1ca46c891a79788c0df828d2f166bda28",
                "sha256:93dda82c9c22deb0a405ea4dc5f2d0cda384168e466364dec6255b293923b2f3",
                "sha256:96b533f0e99f6579b3d4d4995707cf36df9100d67e0c8303a0c55b27b5f99bc5",
                "sha256:9c57bb8c96f6d1808c030b1687b9b5fb476abaa47f0db9c0101f5e9f394e97f4",
                "sha256:9c7708761fccb9397fe64bbc0395abcae8c4bf7b0eac081e12b809bf47700d0b",
                "sha256:9f3bfb4965eb874431221a3ff3fdcddc7e74e3b07799e0e84ca4a0f867d449bf",
                "sha256:a33284e20b78bd4a18c8c2282d549d10bc8408a2a7ff57653c0cf0b9be0afce5",
                "sha256:a80cb027f6b349846a3bf6d73b5e95e782175e52f22108cfa17876aaeff93702",
                "sha256:b30236e45cf30d2b8e7b3e85881719e98507abed1011bf463a8fa23e9c3e98a8",
                "sha256:b3bc83488de33889877a0f2543ade9f70c67d66d9ebb4ac959502e12de895788",
                "sha256:b865addae83924361678b652338317d1bd7e79b1f4596f96b96c77a5a34b34da",
                "sha256:b8bb0864c5a28024fac8a632c443c87c5aa6f215c0b126c449ae1a150412f31d",
                "sha256:ba1cc08a7ccde2d2ec775841541641e4548226580ab850948cbfda66a1befcdc",
                "sha256:bdb2c67c6c1390b63c6ff89f210c8fd09d9a1217a465701eac7316313c915e4c",
                "sha256:c1ff362665ae507275af2853520967820d9124984e0f7466736aea23d8611fba",
                "sha256:c2514fceb77bc5e7a2f7adfaa1feb2fb311607c9cb518dbc378688ec73d8292f",
                "sha256:c3355370a2c156cffb25e876646f149d5d68f5e0a3ce86a5084dd0b64a994917",
                "sha256:c458b6d084f9b935061bc36216e8a69a7e293a2f1e68bf956dcd9e6cbcd143f5",
                "sha256:d0eae10f8159e8fdad514efdc92d74fd8d682c933a6dd088030f3834bc8e6b26",
                "sha256:d76623373421df22fb4cf8817020cbb7ef15c725b9d5e45f17e189bfc384190f",
                "sha256:ebc55a14a21cb14062aa4162f906cd962b28e2e9ea38f9b4391244cd8de4ae0b",
                "sha256:eda16858a3cab07b80edaf74336ece1f986ba330fdb8ee0d6c0d68fe82bc96be",
                "sha256:ee2922902c45ae8ccada2c5b501ab86c36525b883eff4255313a253a3160861c",
                "sha256:efd7b85f94a6f21e4932043973a7ba2613b059c4a000551892ac9f1d11f5baf3",
                "sha256:f7057c9a337546edc7973c0d3ba84ddcdf0daa14533c2065749c9075001090e6",
                "sha256:fa160448684b4e94d80416c0fa4aac48967a969efe22931448d853ada8baf926",
                "sha256:fc09d0aa354569bc501d4e787133afc08552722d3ab34836a80547331bb5d4a0"
            ],
            "index": "pypi",
            "markers": "python_version >= '3.8'",
            "version": "==6.0.3"
        }
    },
    "develop": {
        "coverage": {
            "extras": [
                "toml"
            ],
            "hashes": [
                "sha256:004bdc5985b86f565772af627925e368256ee2172623db10a0d78a3b53f20ef1",
                "sha256:03e7e7dc31a7deaebf121c3c3bd3c6442b7fbf50aca72aae2a1d08aa30ca2a20",
                "sha256:07e14a4050525fd98bf3d793f229eb8b3ae81678f4031e38e6a18a068bd59fd4",
                "sha256:0f4a958ff286038ac870f836351e9fb8912f1614d1cdbda200fc899235f7dc9b",
                "sha256:10f10c9acf584ef82bfaaa7296163bd11c7487237f1670e81fc2fa7e972be67b",
                "sha256:17047fb65fcd1ce8a2f97dd2247c2b59cb4bc8848b3911db02dcb05856f91b71",
                "sha256:1ac3f647ecf25d883051ef42d38d823016e715b9f289f8c1768be5117075d1bd",
                "sha256:230317450af65a37c1fdbdd3546f7277e0c1c1b65e0d57409248e5dd0fa13493",
                "sha256:2442afabe9e83b881be083238bb7cf5afd4a10e47f29b6094470338d2336b33c",
                "sha256:2970c03fefee2a5f1aebc91201a0706a7d0061cc71ab452bb5c5345b7174a349",
                "sha256:2ca963994d28e44285dc104cf94b25d8a7fd0c6f87cf944f46a23f473910703f",
                "sha256:30c437e8b51ce081fe3903c9e368e85c9a803b093fd062c49215f3bf4fd1df37",
                "sha256:36c41bf2ee6f6062de8177e249fee17cd5c9662cd373f7a41e6468a34c5b9c0f",
                "sha256:38a5509fe7fabb6fb3161059b947641753b6529150ef483fc01c4516a546f2ad",
                "sha256:397778cf6d50df59c890bd3ac10acb5bf413388ff6a013305134f1403d5db648",
                "sha256:3aa8c62460499e10ceac5ea61cc09c4f7ddcd8a68c6313cf08785ad353dfd311",
                "sha256:410cafc1aba1f7eb8c09823d5da381be30a2c9b3595758a4c176fcfc04732731",
                "sha256:43ecf9dca4fcb3baf8a886019dd5ce663c95a5e1c5172719c414f0ebd9eeb785",
                "sha256:44b6e04bb94e59927a2807cd4de86386ce34248eaea95d9f1049a72f81828c38",
                "sha256:461577af3f8ad4da244a55af66c0731b68540ce571dbdc02598b5ec9e7a09e73",
                "sha256:4648c90cf741fb61e142826db1557a44079de0ca868c5c5a363c53d852897e84",
                "sha256:4aa799c61869318d2b86c0d3c413d6805546aec42069f009cbb27df2eefb2790",
                "sha256:4aaf2212302b6f748dde596424b0f08bc3e1285192104e2480f43d56b6824f35",
                "sha256:4c4423ea9c28749080b41e18ec74d658e6c9f148a6b47e719f3d7f56197f8227",
                "sha256:4d1ff4b87ad438148976f2215141a490ae000e878536370d53f8da8c59a175a6",
                "sha256:4f8f6bcaa7fe162460abb38f7a5dbfd7f47cfc51e2a0bf0d3ef9e51427298391",
                "sha256:55ae008253df6000bc885a780c1b0e939bd8c932f41e16df1cfe19a00428a98a",
                "sha256:595c6bb2b565cc2d930ee634cae47fa959dfd24cc0e8ae4cf2b6e7e131e0d1f7",
                "sha256:5a02818ec44803e325d66bd022828212df934739b894d1699c9a05b9105d30f2",
                "sha256:5b284931d57389ec97a63fb1edf91c68ec369cee44bc40b37b5c3985ba0a2914",
                "sha256:5c31cdbb95ab0f4a60224a04efc43cfb406ce904f0b60fb6b2a72f37718ea5cb",
                "sha256:5db683000ff6217273071c752bd6a1d341b6dc5d6aaa56678c53577a4e70e78a",
                "sha256:5f72a49504e1f35443b157d97997c9259a017384373eab52fd09b8ade2ae4674",
                "sha256:61d6a7cc1e7a7a761ac59dcc88cee54219fd4231face52bd1257cfd3df29ae9f",
                "sha256:632904d126ca97e5d4ecf7e51ae8b20f086b6f002c6075adcfd4ff3a28574527",
                "sha256:6681164bc697b93676945c8c814b76ac72204c395e11b71ba796a93b33331c24",
                "sha256:689d3b4dd0d4c912ed8bfd7a1b5ff2c5ecb1fa16571840573174704ff5437862",
                "sha256:6f70fa1ef17cba5dada94e144ea1b6e117d4f174666842d1da3aaf765d6eb477",
                "sha256:72a3d109ac233666064d60b29ae5801dd28bc51d1990e69f183a2b91b92d4baf",
                "sha256:75ef769be19d69ea71b0417d7fbf090032c444792579cdf9b166346a340987d5",
                "sha256:7e01ab8d69b6cffa2463e78a4d760a6b69dfebe5bf21837eabcc273655c7e7b3",
                "sha256:7ea36e981a8a591acdaa920704f8dc798f9fff356c97dbd5d5702046ae967ce1",
                "sha256:7f1aa017b47e1879d7bac50161b00d2b886f2ff3882fa09427119e1b3572ede1",
                "sha256:7f933bc1fead57373922e383d803e1dd5ec7b5a786c220161152ebee1aa3f006",
                "sha256:8014a28a37ffabf7da7107f4f154d68c6b89672f27fef835a0574591c5cd140b",
                "sha256:805efa416085999da918f15f81b26636d8e79863e1fbac1495664686d1e6a6e9",
                "sha256:811bff1f93566a8556a9aeb078bd82573e37f4d802a185fba4cbe75468615050",
                "sha256:84e8e0f5ab5134a2d32d4ebadc18b433dbbeddd0b73481f816333b1edd3ff1c8",
                "sha256:87d7c7b0b2279e174f36d276e2afb7bf16c9ea04e824d4fa277eea1854f4cfd4",
                "sha256:89565d7c9340858424a5ca3223bfefe449aeb116942cdc98cd76c07ca50e9db8",
                "sha256:940d195f4c8ba3ec6e7c302c9f546cdbe63e57289ed535452bc52089b1634f1c",
                "sha256:94ced4a29a6987af99faaa49a513bf8d0458e8af004c54174e05dd7a8a31c7d9",
                "sha256:9a6468e1a3a40d3d1f9120a9ff221d3eacef4540a6f819fff58868fe0bd44fa9",
                "sha256:9a95b7a6043b221ec1a0d4d5481e424272b37028353265fbe5fcd3768d652eb7",
                "sha256:9f5f6ee021b3b25e748a9a053f3a8dd61a62b6689efd6425cb47e27360994903",
                "sha256:a35701fe0b5ee9d4b67d31aa76555237af32a36b0cf8dd33f8a74470cf7cd2f5",
                "sha256:a913b21f716aa05b149a8656e9e234d9da04bc1f9842136ad25a53172fecc20e",
                "sha256:ae43149b7732df15c3ca9879b310c48b71d08cd8a7ba77fda7f9108f78499e93",
                "sha256:b4776c6555a9f378f37fa06408f2e1cc1d06e4c4e06adb3d157a4926b549efbe",
                "sha256:b7658f3d4f728092368c091c18efcfb679be9b612c93bfdf345f33635a325188",
                "sha256:b7fc943097fa48de00d14d2a2f3bcebfede024e031d7cd96063fe135f8cbe96e",
                "sha256:b9f28b900d96d83e2ae855b68d5cf5a704fa0b5e618999133fd2fb3bbe35ecb1",
                "sha256:bc65e32fe5bb942f0f5247e1500e355cbbdf326181198f5e27e3bb3ddb81e203",
                "sha256:bee1911c44c52cad6b51d436aa8c6ff5ca5d414fa089c7444592df9e7b890be9",
                "sha256:c4b1bea4c707f4c09f682fe0e646a114dfd068f627880d4a208850d01f8164ad",
                "sha256:c5769159986eb174f0f66d049a52da03f2d976ac1355679371f1269e83528599",
                "sha256:c65f4291aec39692a3bfbe1d92ae5bea58c16b5553fdf021de61c655d987233f",
                "sha256:c7ea5dec77d79dabb7b5fc712c59361aac52e459cd22028480625c3c743323d0",
                "sha256:c85f44ed4260221e46a4e9e8e8df4b359ab6c0a742c79e85d649779bcf77b534",
                "sha256:c8b9a7ebc6a29202fb095877fd8362aab09882894d1c950060c76d61fb116114",
                "sha256:cbffd1d5c5bf4c576ca247bf77646cdad4dced82928337eeb0b85e2b3be4d64b",
                "sha256:d0e80c9946da61cc0bf55dfd90d65707acc1aa5bdcb551d4285ea8906255bb33",
                "sha256:d30a717493583c2a83c99f195e934c073be7f4291b32b7352c246d52e43f6893",
                "sha256:d423991415f73a70c0a5f3e0a226cf4ab374dd0da7409978069b844df3d31582",
                "sha256:d73da4893125e0671f762e408dea9957b2bda0036c9589c2fd258a6b870acbdb",
                "sha256:d752a8e398a19e2fb24781e4c73089bfeb417b6ac55f96c2c42cfe5bdb21cc18",
                "sha256:e3b92e10ca996b5421232dd6629b9933f97eb57ce374bca800ab56681fbeda2b",
                "sha256:e448ceee2fb880427eafc9a3f8e6162b2ac7cc3e9b30b85d6511f25cc8a11820",
                "sha256:e48b95abe2983be98cdf52900e07127eb7fe7067c87a700851f4f1f53d2b00e6",
                "sha256:e52a028a56889d3ad036c0420e866e4a69417d3203e2fc5f03dcb8841274b64c",
                "sha256:e7d3fccd5781c5d29ca0bd1ea272630f05cd40a71d419e7e6105c0991400eb14",
                "sha256:e8eb6cbd7d3b238335b5da0f3ce281102435afb503be4d7bdd69eea3c700a952",
                "sha256:ea10a57568af7cf082a7a4d98a699f993652c2ffbdd5a6c9d63c9ca10b693b4d",
                "sha256:ea910cc737ee8553c81ad5c104bc5b135106ebb36f88be506c3493e001b4c733",
                "sha256:eaa2a5eeb82fa7a6a9cd65c4f968ee2a53839d451b4e88e060c67d87a0a40732",
                "sha256:ed6ba9f1777fdd1c8e5650c7d123211fa484a187c61af4d82948dc5ee3c0afcc",
                "sha256:ef2d3081562cd83f97984a96e02e7a294efa28f58d5e7f4e28920f59fd752b41",
                "sha256:f633da28958f57b846e955d28661b2b323d8ae84668756e1eea64045414dbe34",
                "sha256:f6b2498f86f2554ed6cb8df64201ee95b8c70fb77064a8b2ae8a7185e7a4a5f0",
                "sha256:f6f985e175dfa1fb8c0a01f47186720ae25d5e20c181cc5f3b9eba95589b8148",
                "sha256:f80cb5b328e870bf3df0568b41643a85ee4b8ccd219a096812389e39aa310ea4",
                "sha256:fd3f7cc6cb999e3eff91a2998a70c662b0fcd3c123d875766147c530ca0d3248"
            ],
            "markers": "python_version >= '3.10'",
            "version": "==7.11.2"
        },
        "iniconfig": {
            "hashes": [
                "sha256:c76315c77db068650d49c5b56314774a7804df16fee4402c1f19d6d15d8c4730",
                "sha256:f631c04d2c48c52b84d0d0549c99ff3859c98df65b3101406327ecc7d53fbf12"
            ],
            "markers": "python_version >= '3.10'",
            "version": "==2.3.0"
        },
        "packaging": {
            "hashes": [
                "sha256:29572ef2b1f17581046b3a2227d5c611fb25ec70ca1ba8554b24b0e69331a484",
                "sha256:d443872c98d677bf60f6a1f2f8c1cb748e8fe762d2bf9d3148b5599295b0fc4f"
            ],
            "markers": "python_version >= '3.8'",
            "version": "==25.0"
        },
        "pluggy": {
            "hashes": [
                "sha256:7dcc130b76258d33b90f61b658791dede3486c3e6bfb003ee5c9bfb396dd22f3",
                "sha256:e920276dd6813095e9377c0bc5566d94c932c33b27a3e3945d8389c374dd4746"
            ],
            "markers": "python_version >= '3.9'",
            "version": "==1.6.0"
        },
        "pygments": {
            "hashes": [
                "sha256:636cb2477cec7f8952536970bc533bc43743542f70392ae026374600add5b887",
                "sha256:86540386c03d588bb81d44bc3928634ff26449851e99741617ecb9037ee5ec0b"
            ],
            "markers": "python_version >= '3.8'",
            "version": "==2.19.2"
        },
        "pyhamcrest": {
            "hashes": [
                "sha256:c6acbec0923d0cb7e72c22af1926f3e7c97b8e8d69fc7498eabacaf7c975bd9c",
                "sha256:f6913d2f392e30e0375b3ecbd7aee79e5d1faa25d345c8f4ff597665dcac2587"
            ],
            "index": "pypi",
            "markers": "python_version >= '3.6'",
            "version": "==2.1.0"
        },
        "pytest": {
            "hashes": [
                "sha256:8f44522eafe4137b0f35c9ce3072931a788a21ee40a2ed279e817d3cc16ed21e",
                "sha256:e5ccdf10b0bac554970ee88fc1a4ad0ee5d221f8ef22321f9b7e4584e19d7f96"
            ],
            "index": "pypi",
            "markers": "python_version >= '3.10'",
            "version": "==9.0.0"
        },
        "pytest-cov": {
            "hashes": [
                "sha256:33c97eda2e049a0c5298e91f519302a1334c26ac65c1a483d6206fd458361af1",
                "sha256:3b8e9558b16cc1479da72058bdecf8073661c7f57f7d3c5f22a1c23507f2d861"
            ],
            "index": "pypi",
            "markers": "python_version >= '3.9'",
            "version": "==7.0.0"
        }
    }
}
