dependencies:
- name: alertmanager
  repository: https://prometheus-community.github.io/helm-charts
  version: 1.14.0
- name: kube-state-metrics
  repository: https://prometheus-community.github.io/helm-charts
  version: 5.28.0
- name: prometheus-node-exporter
  repository: https://prometheus-community.github.io/helm-charts
  version: 4.43.1
- name: prometheus-pushgateway
  repository: https://prometheus-community.github.io/helm-charts
  version: 2.17.0
digest: sha256:7ce270685c88711182db182c8f358ad4b9db60e610e859c78b773770b176fd35
generated: "2025-01-20T00:25:07.330926624Z"
