dependencies:
- name: alertmanager
  repository: https://prometheus-community.github.io/helm-charts
  version: 1.14.0
- name: kube-state-metrics
  repository: https://prometheus-community.github.io/helm-charts
  version: 5.30.0
- name: prometheus-node-exporter
  repository: https://prometheus-community.github.io/helm-charts
  version: 4.43.1
- name: prometheus-pushgateway
  repository: https://prometheus-community.github.io/helm-charts
  version: 3.0.0
digest: sha256:700b5feb0f22f3b7fc44538f2798921841760f23953e628285ed5c71ab893e72
generated: "2025-02-10T07:53:45.718998466Z"
