dependencies:
- name: alertmanager
  repository: https://prometheus-community.github.io/helm-charts
  version: 1.13.1
- name: kube-state-metrics
  repository: https://prometheus-community.github.io/helm-charts
  version: 5.28.0
- name: prometheus-node-exporter
  repository: https://prometheus-community.github.io/helm-charts
  version: 4.43.1
- name: prometheus-pushgateway
  repository: https://prometheus-community.github.io/helm-charts
  version: 2.17.0
digest: sha256:224ef25d64cb9e786f0b969c446fef2325c4e6c6ad24b1bc9efb457e62a022ed
generated: "2025-01-17T01:56:23.682811681Z"
